// !$*UTF8*$!
{
	archiveVersion = 1;
	classes = {
	};
	objectVersion = 56;
	objects = {

/* Begin PBXBuildFile section */
		B02F8D322B04CC1800B6AF54 /* TESLA.swift in Sources */ = {isa = PBXBuildFile; fileRef = B02F8D312B04CC1800B6AF54 /* TESLA.swift */; };
		B02F8D342B04CC1800B6AF54 /* ContentView.swift in Sources */ = {isa = PBXBuildFile; fileRef = B02F8D332B04CC1800B6AF54 /* ContentView.swift */; };
		B02F8D362B04CC1900B6AF54 /* Assets.xcassets in Resources */ = {isa = PBXBuildFile; fileRef = B02F8D352B04CC1900B6AF54 /* Assets.xcassets */; };
		B02F8D392B04CC1900B6AF54 /* Preview Assets.xcassets in Resources */ = {isa = PBXBuildFile; fileRef = B02F8D382B04CC1900B6AF54 /* Preview Assets.xcassets */; };
		B02F8D432B04CC1900B6AF54 /* testmit_loginTests.swift in Sources */ = {isa = PBXBuildFile; fileRef = B02F8D422B04CC1900B6AF54 /* testmit_loginTests.swift */; };
		B02F8D4D2B04CC1A00B6AF54 /* testmit_loginUITests.swift in Sources */ = {isa = PBXBuildFile; fileRef = B02F8D4C2B04CC1A00B6AF54 /* testmit_loginUITests.swift */; };
		B02F8D4F2B04CC1A00B6AF54 /* testmit_loginUITestsLaunchTests.swift in Sources */ = {isa = PBXBuildFile; fileRef = B02F8D4E2B04CC1A00B6AF54 /* testmit_loginUITestsLaunchTests.swift */; };
		B02F8D5F2B04CF9B00B6AF54 /* WebView.swift in Sources */ = {isa = PBXBuildFile; fileRef = B02F8D5E2B04CF9B00B6AF54 /* WebView.swift */; };
		B089E4252B13AE9A00BFC61F /* AddAddressView.swift in Sources */ = {isa = PBXBuildFile; fileRef = B089E4242B13AE9A00BFC61F /* AddAddressView.swift */; };
		B0BBF2F82B0E079200BB26B2 /* AddressModel.swift in Sources */ = {isa = PBXBuildFile; fileRef = B0BBF2F72B0E079200BB26B2 /* AddressModel.swift */; };
		B0BBF2FA2B0E0B1900BB26B2 /* AddressListView.swift in Sources */ = {isa = PBXBuildFile; fileRef = B0BBF2F92B0E0B1900BB26B2 /* AddressListView.swift */; };
		B0BBF2FC2B0E0B9900BB26B2 /* AddressRowView.swift in Sources */ = {isa = PBXBuildFile; fileRef = B0BBF2FB2B0E0B9900BB26B2 /* AddressRowView.swift */; };
		B0BBF2FE2B0E0C2000BB26B2 /* AddressDetailsView.swift in Sources */ = {isa = PBXBuildFile; fileRef = B0BBF2FD2B0E0C2000BB26B2 /* AddressDetailsView.swift */; };
		B0BBF3002B0E0CD800BB26B2 /* AddressViewModel.swift in Sources */ = {isa = PBXBuildFile; fileRef = B0BBF2FF2B0E0CD800BB26B2 /* AddressViewModel.swift */; };
/* End PBXBuildFile section */

/* Begin PBXContainerItemProxy section */
		B02F8D3F2B04CC1900B6AF54 /* PBXContainerItemProxy */ = {
			isa = PBXContainerItemProxy;
			containerPortal = B02F8D262B04CC1800B6AF54 /* Project object */;
			proxyType = 1;
			remoteGlobalIDString = B02F8D2D2B04CC1800B6AF54;
			remoteInfo = "testmit login";
		};
		B02F8D492B04CC1A00B6AF54 /* PBXContainerItemProxy */ = {
			isa = PBXContainerItemProxy;
			containerPortal = B02F8D262B04CC1800B6AF54 /* Project object */;
			proxyType = 1;
			remoteGlobalIDString = B02F8D2D2B04CC1800B6AF54;
			remoteInfo = "testmit login";
		};
/* End PBXContainerItemProxy section */

/* Begin PBXFileReference section */
		B02F8D2E2B04CC1800B6AF54 /* testmit login.app */ = {isa = PBXFileReference; explicitFileType = wrapper.application; includeInIndex = 0; path = "testmit login.app"; sourceTree = BUILT_PRODUCTS_DIR; };
		B02F8D312B04CC1800B6AF54 /* TESLA.swift */ = {isa = PBXFileReference; lastKnownFileType = sourcecode.swift; path = TESLA.swift; sourceTree = "<group>"; };
		B02F8D332B04CC1800B6AF54 /* ContentView.swift */ = {isa = PBXFileReference; lastKnownFileType = sourcecode.swift; path = ContentView.swift; sourceTree = "<group>"; };
		B02F8D352B04CC1900B6AF54 /* Assets.xcassets */ = {isa = PBXFileReference; lastKnownFileType = folder.assetcatalog; path = Assets.xcassets; sourceTree = "<group>"; };
		B02F8D382B04CC1900B6AF54 /* Preview Assets.xcassets */ = {isa = PBXFileReference; lastKnownFileType = folder.assetcatalog; path = "Preview Assets.xcassets"; sourceTree = "<group>"; };
		B02F8D3E2B04CC1900B6AF54 /* testmit loginTests.xctest */ = {isa = PBXFileReference; explicitFileType = wrapper.cfbundle; includeInIndex = 0; path = "testmit loginTests.xctest"; sourceTree = BUILT_PRODUCTS_DIR; };
		B02F8D422B04CC1900B6AF54 /* testmit_loginTests.swift */ = {isa = PBXFileReference; lastKnownFileType = sourcecode.swift; path = testmit_loginTests.swift; sourceTree = "<group>"; };
		B02F8D482B04CC1A00B6AF54 /* testmit loginUITests.xctest */ = {isa = PBXFileReference; explicitFileType = wrapper.cfbundle; includeInIndex = 0; path = "testmit loginUITests.xctest"; sourceTree = BUILT_PRODUCTS_DIR; };
		B02F8D4C2B04CC1A00B6AF54 /* testmit_loginUITests.swift */ = {isa = PBXFileReference; lastKnownFileType = sourcecode.swift; path = testmit_loginUITests.swift; sourceTree = "<group>"; };
		B02F8D4E2B04CC1A00B6AF54 /* testmit_loginUITestsLaunchTests.swift */ = {isa = PBXFileReference; lastKnownFileType = sourcecode.swift; path = testmit_loginUITestsLaunchTests.swift; sourceTree = "<group>"; };
		B02F8D5E2B04CF9B00B6AF54 /* WebView.swift */ = {isa = PBXFileReference; lastKnownFileType = sourcecode.swift; path = WebView.swift; sourceTree = "<group>"; };
		B02F8D602B04D0F800B6AF54 /* testmit-login-Info.plist */ = {isa = PBXFileReference; lastKnownFileType = text.plist; path = "testmit-login-Info.plist"; sourceTree = SOURCE_ROOT; };
		B089E4242B13AE9A00BFC61F /* AddAddressView.swift */ = {isa = PBXFileReference; lastKnownFileType = sourcecode.swift; path = AddAddressView.swift; sourceTree = "<group>"; };
		B0BBF2F72B0E079200BB26B2 /* AddressModel.swift */ = {isa = PBXFileReference; lastKnownFileType = sourcecode.swift; path = AddressModel.swift; sourceTree = "<group>"; };
		B0BBF2F92B0E0B1900BB26B2 /* AddressListView.swift */ = {isa = PBXFileReference; lastKnownFileType = sourcecode.swift; path = AddressListView.swift; sourceTree = "<group>"; };
		B0BBF2FB2B0E0B9900BB26B2 /* AddressRowView.swift */ = {isa = PBXFileReference; lastKnownFileType = sourcecode.swift; path = AddressRowView.swift; sourceTree = "<group>"; };
		B0BBF2FD2B0E0C2000BB26B2 /* AddressDetailsView.swift */ = {isa = PBXFileReference; lastKnownFileType = sourcecode.swift; path = AddressDetailsView.swift; sourceTree = "<group>"; };
		B0BBF2FF2B0E0CD800BB26B2 /* AddressViewModel.swift */ = {isa = PBXFileReference; lastKnownFileType = sourcecode.swift; path = AddressViewModel.swift; sourceTree = "<group>"; };
/* End PBXFileReference section */

/* Begin PBXFrameworksBuildPhase section */
		B02F8D2B2B04CC1800B6AF54 /* Frameworks */ = {
			isa = PBXFrameworksBuildPhase;
			buildActionMask = 2147483647;
			files = (
			);
			runOnlyForDeploymentPostprocessing = 0;
		};
		B02F8D3B2B04CC1900B6AF54 /* Frameworks */ = {
			isa = PBXFrameworksBuildPhase;
			buildActionMask = 2147483647;
			files = (
			);
			runOnlyForDeploymentPostprocessing = 0;
		};
		B02F8D452B04CC1A00B6AF54 /* Frameworks */ = {
			isa = PBXFrameworksBuildPhase;
			buildActionMask = 2147483647;
			files = (
			);
			runOnlyForDeploymentPostprocessing = 0;
		};
/* End PBXFrameworksBuildPhase section */

/* Begin PBXGroup section */
		B02F8D252B04CC1800B6AF54 = {
			isa = PBXGroup;
			children = (
				B0BBF2F72B0E079200BB26B2 /* AddressModel.swift */,
				B0BBF3012B0E0EFB00BB26B2 /* Model */,
				B02F8D302B04CC1800B6AF54 /* TeslaEB */,
				B02F8D412B04CC1900B6AF54 /* testmit loginTests */,
				B02F8D4B2B04CC1A00B6AF54 /* testmit loginUITests */,
				B02F8D2F2B04CC1800B6AF54 /* Products */,
			);
			sourceTree = "<group>";
		};
		B02F8D2F2B04CC1800B6AF54 /* Products */ = {
			isa = PBXGroup;
			children = (
				B02F8D2E2B04CC1800B6AF54 /* testmit login.app */,
				B02F8D3E2B04CC1900B6AF54 /* testmit loginTests.xctest */,
				B02F8D482B04CC1A00B6AF54 /* testmit loginUITests.xctest */,
			);
			name = Products;
			sourceTree = "<group>";
		};
		B02F8D302B04CC1800B6AF54 /* TeslaEB */ = {
			isa = PBXGroup;
			children = (
				B02F8D602B04D0F800B6AF54 /* testmit-login-Info.plist */,
				B02F8D5D2B04CF8500B6AF54 /* Views */,
				B02F8D312B04CC1800B6AF54 /* TESLA.swift */,
				B02F8D352B04CC1900B6AF54 /* Assets.xcassets */,
				B02F8D372B04CC1900B6AF54 /* Preview Content */,
			);
			path = TeslaEB;
			sourceTree = "<group>";
		};
		B02F8D372B04CC1900B6AF54 /* Preview Content */ = {
			isa = PBXGroup;
			children = (
				B02F8D382B04CC1900B6AF54 /* Preview Assets.xcassets */,
			);
			path = "Preview Content";
			sourceTree = "<group>";
		};
		B02F8D412B04CC1900B6AF54 /* testmit loginTests */ = {
			isa = PBXGroup;
			children = (
				B02F8D422B04CC1900B6AF54 /* testmit_loginTests.swift */,
			);
			path = "testmit loginTests";
			sourceTree = "<group>";
		};
		B02F8D4B2B04CC1A00B6AF54 /* testmit loginUITests */ = {
			isa = PBXGroup;
			children = (
				B02F8D4C2B04CC1A00B6AF54 /* testmit_loginUITests.swift */,
				B02F8D4E2B04CC1A00B6AF54 /* testmit_loginUITestsLaunchTests.swift */,
			);
			path = "testmit loginUITests";
			sourceTree = "<group>";
		};
		B02F8D5D2B04CF8500B6AF54 /* Views */ = {
			isa = PBXGroup;
			children = (
				B0BBF2FD2B0E0C2000BB26B2 /* AddressDetailsView.swift */,
				B0BBF2FB2B0E0B9900BB26B2 /* AddressRowView.swift */,
				B0BBF2F92B0E0B1900BB26B2 /* AddressListView.swift */,
				B02F8D5E2B04CF9B00B6AF54 /* WebView.swift */,
				B02F8D332B04CC1800B6AF54 /* ContentView.swift */,
				B089E4242B13AE9A00BFC61F /* AddAddressView.swift */,
			);
			path = Views;
			sourceTree = "<group>";
		};
		B0BBF3012B0E0EFB00BB26B2 /* Model */ = {
			isa = PBXGroup;
			children = (
				B0BBF2FF2B0E0CD800BB26B2 /* AddressViewModel.swift */,
			);
			path = Model;
			sourceTree = "<group>";
		};
/* End PBXGroup section */

/* Begin PBXNativeTarget section */
		B02F8D2D2B04CC1800B6AF54 /* testmit login */ = {
			isa = PBXNativeTarget;
			buildConfigurationList = B02F8D522B04CC1A00B6AF54 /* Build configuration list for PBXNativeTarget "testmit login" */;
			buildPhases = (
				B02F8D2A2B04CC1800B6AF54 /* Sources */,
				B02F8D2B2B04CC1800B6AF54 /* Frameworks */,
				B02F8D2C2B04CC1800B6AF54 /* Resources */,
			);
			buildRules = (
			);
			dependencies = (
			);
			name = "testmit login";
			packageProductDependencies = (
			);
			productName = "testmit login";
			productReference = B02F8D2E2B04CC1800B6AF54 /* testmit login.app */;
			productType = "com.apple.product-type.application";
		};
		B02F8D3D2B04CC1900B6AF54 /* testmit loginTests */ = {
			isa = PBXNativeTarget;
			buildConfigurationList = B02F8D552B04CC1A00B6AF54 /* Build configuration list for PBXNativeTarget "testmit loginTests" */;
			buildPhases = (
				B02F8D3A2B04CC1900B6AF54 /* Sources */,
				B02F8D3B2B04CC1900B6AF54 /* Frameworks */,
				B02F8D3C2B04CC1900B6AF54 /* Resources */,
			);
			buildRules = (
			);
			dependencies = (
				B02F8D402B04CC1900B6AF54 /* PBXTargetDependency */,
			);
			name = "testmit loginTests";
			productName = "testmit loginTests";
			productReference = B02F8D3E2B04CC1900B6AF54 /* testmit loginTests.xctest */;
			productType = "com.apple.product-type.bundle.unit-test";
		};
		B02F8D472B04CC1A00B6AF54 /* testmit loginUITests */ = {
			isa = PBXNativeTarget;
			buildConfigurationList = B02F8D582B04CC1A00B6AF54 /* Build configuration list for PBXNativeTarget "testmit loginUITests" */;
			buildPhases = (
				B02F8D442B04CC1A00B6AF54 /* Sources */,
				B02F8D452B04CC1A00B6AF54 /* Frameworks */,
				B02F8D462B04CC1A00B6AF54 /* Resources */,
			);
			buildRules = (
			);
			dependencies = (
				B02F8D4A2B04CC1A00B6AF54 /* PBXTargetDependency */,
			);
			name = "testmit loginUITests";
			productName = "testmit loginUITests";
			productReference = B02F8D482B04CC1A00B6AF54 /* testmit loginUITests.xctest */;
			productType = "com.apple.product-type.bundle.ui-testing";
		};
/* End PBXNativeTarget section */

/* Begin PBXProject section */
		B02F8D262B04CC1800B6AF54 /* Project object */ = {
			isa = PBXProject;
			attributes = {
				BuildIndependentTargetsInParallel = 1;
				LastSwiftUpdateCheck = 1500;
				LastUpgradeCheck = 1500;
				TargetAttributes = {
					B02F8D2D2B04CC1800B6AF54 = {
						CreatedOnToolsVersion = 15.0.1;
					};
					B02F8D3D2B04CC1900B6AF54 = {
						CreatedOnToolsVersion = 15.0.1;
						TestTargetID = B02F8D2D2B04CC1800B6AF54;
					};
					B02F8D472B04CC1A00B6AF54 = {
						CreatedOnToolsVersion = 15.0.1;
						TestTargetID = B02F8D2D2B04CC1800B6AF54;
					};
				};
			};
			buildConfigurationList = B02F8D292B04CC1800B6AF54 /* Build configuration list for PBXProject "testmit login" */;
			compatibilityVersion = "Xcode 14.0";
			developmentRegion = en;
			hasScannedForEncodings = 0;
			knownRegions = (
				en,
				Base,
			);
			mainGroup = B02F8D252B04CC1800B6AF54;
			packageReferences = (
				B089E4262B13AFC500BFC61F /* XCRemoteSwiftPackageReference "SwiftUIX" */,
				B089E4292B13B04300BFC61F /* XCRemoteSwiftPackageReference "SwiftUI-Refresh" */,
			);
			productRefGroup = B02F8D2F2B04CC1800B6AF54 /* Products */;
			projectDirPath = "";
			projectRoot = "";
			targets = (
				B02F8D2D2B04CC1800B6AF54 /* testmit login */,
				B02F8D3D2B04CC1900B6AF54 /* testmit loginTests */,
				B02F8D472B04CC1A00B6AF54 /* testmit loginUITests */,
			);
		};
/* End PBXProject section */

/* Begin PBXResourcesBuildPhase section */
		B02F8D2C2B04CC1800B6AF54 /* Resources */ = {
			isa = PBXResourcesBuildPhase;
			buildActionMask = 2147483647;
			files = (
				B02F8D392B04CC1900B6AF54 /* Preview Assets.xcassets in Resources */,
				B02F8D362B04CC1900B6AF54 /* Assets.xcassets in Resources */,
			);
			runOnlyForDeploymentPostprocessing = 0;
		};
		B02F8D3C2B04CC1900B6AF54 /* Resources */ = {
			isa = PBXResourcesBuildPhase;
			buildActionMask = 2147483647;
			files = (
			);
			runOnlyForDeploymentPostprocessing = 0;
		};
		B02F8D462B04CC1A00B6AF54 /* Resources */ = {
			isa = PBXResourcesBuildPhase;
			buildActionMask = 2147483647;
			files = (
			);
			runOnlyForDeploymentPostprocessing = 0;
		};
/* End PBXResourcesBuildPhase section */

/* Begin PBXSourcesBuildPhase section */
		B02F8D2A2B04CC1800B6AF54 /* Sources */ = {
			isa = PBXSourcesBuildPhase;
			buildActionMask = 2147483647;
			files = (
				B0BBF2FC2B0E0B9900BB26B2 /* AddressRowView.swift in Sources */,
				B0BBF2FA2B0E0B1900BB26B2 /* AddressListView.swift in Sources */,
				B089E4252B13AE9A00BFC61F /* AddAddressView.swift in Sources */,
				B0BBF2F82B0E079200BB26B2 /* AddressModel.swift in Sources */,
				B0BBF3002B0E0CD800BB26B2 /* AddressViewModel.swift in Sources */,
				B02F8D5F2B04CF9B00B6AF54 /* WebView.swift in Sources */,
				B0BBF2FE2B0E0C2000BB26B2 /* AddressDetailsView.swift in Sources */,
				B02F8D342B04CC1800B6AF54 /* ContentView.swift in Sources */,
				B02F8D322B04CC1800B6AF54 /* TESLA.swift in Sources */,
			);
			runOnlyForDeploymentPostprocessing = 0;
		};
		B02F8D3A2B04CC1900B6AF54 /* Sources */ = {
			isa = PBXSourcesBuildPhase;
			buildActionMask = 2147483647;
			files = (
				B02F8D432B04CC1900B6AF54 /* testmit_loginTests.swift in Sources */,
			);
			runOnlyForDeploymentPostprocessing = 0;
		};
		B02F8D442B04CC1A00B6AF54 /* Sources */ = {
			isa = PBXSourcesBuildPhase;
			buildActionMask = 2147483647;
			files = (
				B02F8D4D2B04CC1A00B6AF54 /* testmit_loginUITests.swift in Sources */,
				B02F8D4F2B04CC1A00B6AF54 /* testmit_loginUITestsLaunchTests.swift in Sources */,
			);
			runOnlyForDeploymentPostprocessing = 0;
		};
/* End PBXSourcesBuildPhase section */

/* Begin PBXTargetDependency section */
		B02F8D402B04CC1900B6AF54 /* PBXTargetDependency */ = {
			isa = PBXTargetDependency;
			target = B02F8D2D2B04CC1800B6AF54 /* testmit login */;
			targetProxy = B02F8D3F2B04CC1900B6AF54 /* PBXContainerItemProxy */;
		};
		B02F8D4A2B04CC1A00B6AF54 /* PBXTargetDependency */ = {
			isa = PBXTargetDependency;
			target = B02F8D2D2B04CC1800B6AF54 /* testmit login */;
			targetProxy = B02F8D492B04CC1A00B6AF54 /* PBXContainerItemProxy */;
		};
/* End PBXTargetDependency section */

/* Begin XCBuildConfiguration section */
		B02F8D502B04CC1A00B6AF54 /* Debug */ = {
			isa = XCBuildConfiguration;
			buildSettings = {
				ALWAYS_SEARCH_USER_PATHS = NO;
				ASSETCATALOG_COMPILER_GENERATE_SWIFT_ASSET_SYMBOL_EXTENSIONS = YES;
				CLANG_ANALYZER_NONNULL = YES;
				CLANG_ANALYZER_NUMBER_OBJECT_CONVERSION = YES_AGGRESSIVE;
				CLANG_CXX_LANGUAGE_STANDARD = "gnu++20";
				CLANG_ENABLE_MODULES = YES;
				CLANG_ENABLE_OBJC_ARC = YES;
				CLANG_ENABLE_OBJC_WEAK = YES;
				CLANG_WARN_BLOCK_CAPTURE_AUTORELEASING = YES;
				CLANG_WARN_BOOL_CONVERSION = YES;
				CLANG_WARN_COMMA = YES;
				CLANG_WARN_CONSTANT_CONVERSION = YES;
				CLANG_WARN_DEPRECATED_OBJC_IMPLEMENTATIONS = YES;
				CLANG_WARN_DIRECT_OBJC_ISA_USAGE = YES_ERROR;
				CLANG_WARN_DOCUMENTATION_COMMENTS = YES;
				CLANG_WARN_EMPTY_BODY = YES;
				CLANG_WARN_ENUM_CONVERSION = YES;
				CLANG_WARN_INFINITE_RECURSION = YES;
				CLANG_WARN_INT_CONVERSION = YES;
				CLANG_WARN_NON_LITERAL_NULL_CONVERSION = YES;
				CLANG_WARN_OBJC_IMPLICIT_RETAIN_SELF = YES;
				CLANG_WARN_OBJC_LITERAL_CONVERSION = YES;
				CLANG_WARN_OBJC_ROOT_CLASS = YES_ERROR;
				CLANG_WARN_QUOTED_INCLUDE_IN_FRAMEWORK_HEADER = YES;
				CLANG_WARN_RANGE_LOOP_ANALYSIS = YES;
				CLANG_WARN_STRICT_PROTOTYPES = YES;
				CLANG_WARN_SUSPICIOUS_MOVE = YES;
				CLANG_WARN_UNGUARDED_AVAILABILITY = YES_AGGRESSIVE;
				CLANG_WARN_UNREACHABLE_CODE = YES;
				CLANG_WARN__DUPLICATE_METHOD_MATCH = YES;
				COPY_PHASE_STRIP = NO;
				DEBUG_INFORMATION_FORMAT = dwarf;
				ENABLE_STRICT_OBJC_MSGSEND = YES;
				ENABLE_TESTABILITY = YES;
				ENABLE_USER_SCRIPT_SANDBOXING = YES;
				GCC_C_LANGUAGE_STANDARD = gnu17;
				GCC_DYNAMIC_NO_PIC = NO;
				GCC_NO_COMMON_BLOCKS = YES;
				GCC_OPTIMIZATION_LEVEL = 0;
				GCC_PREPROCESSOR_DEFINITIONS = (
					"DEBUG=1",
					"$(inherited)",
				);
				GCC_WARN_64_TO_32_BIT_CONVERSION = YES;
				GCC_WARN_ABOUT_RETURN_TYPE = YES_ERROR;
				GCC_WARN_UNDECLARED_SELECTOR = YES;
				GCC_WARN_UNINITIALIZED_AUTOS = YES_AGGRESSIVE;
				GCC_WARN_UNUSED_FUNCTION = YES;
				GCC_WARN_UNUSED_VARIABLE = YES;
				IPHONEOS_DEPLOYMENT_TARGET = 17.0;
				LOCALIZATION_PREFERS_STRING_CATALOGS = YES;
				MTL_ENABLE_DEBUG_INFO = INCLUDE_SOURCE;
				MTL_FAST_MATH = YES;
				ONLY_ACTIVE_ARCH = YES;
				SDKROOT = iphoneos;
				SWIFT_ACTIVE_COMPILATION_CONDITIONS = "DEBUG $(inherited)";
				SWIFT_OPTIMIZATION_LEVEL = "-Onone";
			};
			name = Debug;
		};
		B02F8D512B04CC1A00B6AF54 /* Release */ = {
			isa = XCBuildConfiguration;
			buildSettings = {
				ALWAYS_SEARCH_USER_PATHS = NO;
				ASSETCATALOG_COMPILER_GENERATE_SWIFT_ASSET_SYMBOL_EXTENSIONS = YES;
				CLANG_ANALYZER_NONNULL = YES;
				CLANG_ANALYZER_NUMBER_OBJECT_CONVERSION = YES_AGGRESSIVE;
				CLANG_CXX_LANGUAGE_STANDARD = "gnu++20";
				CLANG_ENABLE_MODULES = YES;
				CLANG_ENABLE_OBJC_ARC = YES;
				CLANG_ENABLE_OBJC_WEAK = YES;
				CLANG_WARN_BLOCK_CAPTURE_AUTORELEASING = YES;
				CLANG_WARN_BOOL_CONVERSION = YES;
				CLANG_WARN_COMMA = YES;
				CLANG_WARN_CONSTANT_CONVERSION = YES;
				CLANG_WARN_DEPRECATED_OBJC_IMPLEMENTATIONS = YES;
				CLANG_WARN_DIRECT_OBJC_ISA_USAGE = YES_ERROR;
				CLANG_WARN_DOCUMENTATION_COMMENTS = YES;
				CLANG_WARN_EMPTY_BODY = YES;
				CLANG_WARN_ENUM_CONVERSION = YES;
				CLANG_WARN_INFINITE_RECURSION = YES;
				CLANG_WARN_INT_CONVERSION = YES;
				CLANG_WARN_NON_LITERAL_NULL_CONVERSION = YES;
				CLANG_WARN_OBJC_IMPLICIT_RETAIN_SELF = YES;
				CLANG_WARN_OBJC_LITERAL_CONVERSION = YES;
				CLANG_WARN_OBJC_ROOT_CLASS = YES_ERROR;
				CLANG_WARN_QUOTED_INCLUDE_IN_FRAMEWORK_HEADER = YES;
				CLANG_WARN_RANGE_LOOP_ANALYSIS = YES;
				CLANG_WARN_STRICT_PROTOTYPES = YES;
				CLANG_WARN_SUSPICIOUS_MOVE = YES;
				CLANG_WARN_UNGUARDED_AVAILABILITY = YES_AGGRESSIVE;
				CLANG_WARN_UNREACHABLE_CODE = YES;
				CLANG_WARN__DUPLICATE_METHOD_MATCH = YES;
				COPY_PHASE_STRIP = NO;
				DEBUG_INFORMATION_FORMAT = "dwarf-with-dsym";
				ENABLE_NS_ASSERTIONS = NO;
				ENABLE_STRICT_OBJC_MSGSEND = YES;
				ENABLE_USER_SCRIPT_SANDBOXING = YES;
				GCC_C_LANGUAGE_STANDARD = gnu17;
				GCC_NO_COMMON_BLOCKS = YES;
				GCC_WARN_64_TO_32_BIT_CONVERSION = YES;
				GCC_WARN_ABOUT_RETURN_TYPE = YES_ERROR;
				GCC_WARN_UNDECLARED_SELECTOR = YES;
				GCC_WARN_UNINITIALIZED_AUTOS = YES_AGGRESSIVE;
				GCC_WARN_UNUSED_FUNCTION = YES;
				GCC_WARN_UNUSED_VARIABLE = YES;
				IPHONEOS_DEPLOYMENT_TARGET = 17.0;
				LOCALIZATION_PREFERS_STRING_CATALOGS = YES;
				MTL_ENABLE_DEBUG_INFO = NO;
				MTL_FAST_MATH = YES;
				SDKROOT = iphoneos;
				SWIFT_COMPILATION_MODE = wholemodule;
				VALIDATE_PRODUCT = YES;
			};
			name = Release;
		};
		B02F8D532B04CC1A00B6AF54 /* Debug */ = {
			isa = XCBuildConfiguration;
			buildSettings = {
				ASSETCATALOG_COMPILER_APPICON_NAME = AppIcon;
				ASSETCATALOG_COMPILER_GLOBAL_ACCENT_COLOR_NAME = AccentColor;
				CODE_SIGN_STYLE = Automatic;
				CURRENT_PROJECT_VERSION = 1;
				DEVELOPMENT_ASSET_PATHS = "\"TeslaEB/Preview Content\"";
				DEVELOPMENT_TEAM = J2P72K5YCX;
				ENABLE_PREVIEWS = YES;
				GENERATE_INFOPLIST_FILE = YES;
				INFOPLIST_FILE = "testmit-login-Info.plist";
				INFOPLIST_KEY_CFBundleDisplayName = "";
				INFOPLIST_KEY_LSApplicationCategoryType = "";
				INFOPLIST_KEY_NSHumanReadableCopyright = "";
				INFOPLIST_KEY_UIApplicationSceneManifest_Generation = YES;
				INFOPLIST_KEY_UIApplicationSupportsIndirectInputEvents = YES;
				INFOPLIST_KEY_UILaunchScreen_Generation = YES;
				INFOPLIST_KEY_UISupportedInterfaceOrientations_iPad = "UIInterfaceOrientationPortrait UIInterfaceOrientationPortraitUpsideDown UIInterfaceOrientationLandscapeLeft UIInterfaceOrientationLandscapeRight";
				INFOPLIST_KEY_UISupportedInterfaceOrientations_iPhone = "UIInterfaceOrientationPortrait UIInterfaceOrientationLandscapeLeft UIInterfaceOrientationLandscapeRight";
				LD_RUNPATH_SEARCH_PATHS = (
					"$(inherited)",
					"@executable_path/Frameworks",
				);
				MARKETING_VERSION = 1.0;
				PRODUCT_BUNDLE_IDENTIFIER = "TeslaLowCode.testmit-login";
				PRODUCT_NAME = "$(TARGET_NAME)";
				SWIFT_EMIT_LOC_STRINGS = YES;
				SWIFT_VERSION = 5.0;
				TARGETED_DEVICE_FAMILY = "1,2";
			};
			name = Debug;
		};
		B02F8D542B04CC1A00B6AF54 /* Release */ = {
			isa = XCBuildConfiguration;
			buildSettings = {
				ASSETCATALOG_COMPILER_APPICON_NAME = AppIcon;
				ASSETCATALOG_COMPILER_GLOBAL_ACCENT_COLOR_NAME = AccentColor;
				CODE_SIGN_STYLE = Automatic;
				CURRENT_PROJECT_VERSION = 1;
				DEVELOPMENT_ASSET_PATHS = "\"TeslaEB/Preview Content\"";
				DEVELOPMENT_TEAM = J2P72K5YCX;
				ENABLE_PREVIEWS = YES;
				GENERATE_INFOPLIST_FILE = YES;
				INFOPLIST_FILE = "testmit-login-Info.plist";
				INFOPLIST_KEY_CFBundleDisplayName = "";
				INFOPLIST_KEY_LSApplicationCategoryType = "";
				INFOPLIST_KEY_NSHumanReadableCopyright = "";
				INFOPLIST_KEY_UIApplicationSceneManifest_Generation = YES;
				INFOPLIST_KEY_UIApplicationSupportsIndirectInputEvents = YES;
				INFOPLIST_KEY_UILaunchScreen_Generation = YES;
				INFOPLIST_KEY_UISupportedInterfaceOrientations_iPad = "UIInterfaceOrientationPortrait UIInterfaceOrientationPortraitUpsideDown UIInterfaceOrientationLandscapeLeft UIInterfaceOrientationLandscapeRight";
				INFOPLIST_KEY_UISupportedInterfaceOrientations_iPhone = "UIInterfaceOrientationPortrait UIInterfaceOrientationLandscapeLeft UIInterfaceOrientationLandscapeRight";
				LD_RUNPATH_SEARCH_PATHS = (
					"$(inherited)",
					"@executable_path/Frameworks",
				);
				MARKETING_VERSION = 1.0;
				PRODUCT_BUNDLE_IDENTIFIER = "TeslaLowCode.testmit-login";
				PRODUCT_NAME = "$(TARGET_NAME)";
				SWIFT_EMIT_LOC_STRINGS = YES;
				SWIFT_VERSION = 5.0;
				TARGETED_DEVICE_FAMILY = "1,2";
			};
			name = Release;
		};
		B02F8D562B04CC1A00B6AF54 /* Debug */ = {
			isa = XCBuildConfiguration;
			buildSettings = {
				ALWAYS_EMBED_SWIFT_STANDARD_LIBRARIES = YES;
				BUNDLE_LOADER = "$(TEST_HOST)";
				CODE_SIGN_STYLE = Automatic;
				CURRENT_PROJECT_VERSION = 1;
				DEVELOPMENT_TEAM = J2P72K5YCX;
				GENERATE_INFOPLIST_FILE = YES;
				IPHONEOS_DEPLOYMENT_TARGET = 17.0;
				MARKETING_VERSION = 1.0;
				PRODUCT_BUNDLE_IDENTIFIER = "TeslaLowCode.testmit-loginTests";
				PRODUCT_NAME = "$(TARGET_NAME)";
				SWIFT_EMIT_LOC_STRINGS = NO;
				SWIFT_VERSION = 5.0;
				TARGETED_DEVICE_FAMILY = "1,2";
				TEST_HOST = "$(BUILT_PRODUCTS_DIR)/testmit login.app/$(BUNDLE_EXECUTABLE_FOLDER_PATH)/testmit login";
			};
			name = Debug;
		};
		B02F8D572B04CC1A00B6AF54 /* Release */ = {
			isa = XCBuildConfiguration;
			buildSettings = {
				ALWAYS_EMBED_SWIFT_STANDARD_LIBRARIES = YES;
				BUNDLE_LOADER = "$(TEST_HOST)";
				CODE_SIGN_STYLE = Automatic;
				CURRENT_PROJECT_VERSION = 1;
				DEVELOPMENT_TEAM = J2P72K5YCX;
				GENERATE_INFOPLIST_FILE = YES;
				IPHONEOS_DEPLOYMENT_TARGET = 17.0;
				MARKETING_VERSION = 1.0;
				PRODUCT_BUNDLE_IDENTIFIER = "TeslaLowCode.testmit-loginTests";
				PRODUCT_NAME = "$(TARGET_NAME)";
				SWIFT_EMIT_LOC_STRINGS = NO;
				SWIFT_VERSION = 5.0;
				TARGETED_DEVICE_FAMILY = "1,2";
				TEST_HOST = "$(BUILT_PRODUCTS_DIR)/testmit login.app/$(BUNDLE_EXECUTABLE_FOLDER_PATH)/testmit login";
			};
			name = Release;
		};
		B02F8D592B04CC1A00B6AF54 /* Debug */ = {
			isa = XCBuildConfiguration;
			buildSettings = {
				ALWAYS_EMBED_SWIFT_STANDARD_LIBRARIES = YES;
				CODE_SIGN_STYLE = Automatic;
				CURRENT_PROJECT_VERSION = 1;
				DEVELOPMENT_TEAM = J2P72K5YCX;
				GENERATE_INFOPLIST_FILE = YES;
				MARKETING_VERSION = 1.0;
				PRODUCT_BUNDLE_IDENTIFIER = "TeslaLowCode.testmit-loginUITests";
				PRODUCT_NAME = "$(TARGET_NAME)";
				SWIFT_EMIT_LOC_STRINGS = NO;
				SWIFT_VERSION = 5.0;
				TARGETED_DEVICE_FAMILY = "1,2";
				TEST_TARGET_NAME = "testmit login";
			};
			name = Debug;
		};
		B02F8D5A2B04CC1A00B6AF54 /* Release */ = {
			isa = XCBuildConfiguration;
			buildSettings = {
				ALWAYS_EMBED_SWIFT_STANDARD_LIBRARIES = YES;
				CODE_SIGN_STYLE = Automatic;
				CURRENT_PROJECT_VERSION = 1;
				DEVELOPMENT_TEAM = J2P72K5YCX;
				GENERATE_INFOPLIST_FILE = YES;
				MARKETING_VERSION = 1.0;
				PRODUCT_BUNDLE_IDENTIFIER = "TeslaLowCode.testmit-loginUITests";
				PRODUCT_NAME = "$(TARGET_NAME)";
				SWIFT_EMIT_LOC_STRINGS = NO;
				SWIFT_VERSION = 5.0;
				TARGETED_DEVICE_FAMILY = "1,2";
				TEST_TARGET_NAME = "testmit login";
			};
			name = Release;
		};
/* End XCBuildConfiguration section */

/* Begin XCConfigurationList section */
		B02F8D292B04CC1800B6AF54 /* Build configuration list for PBXProject "testmit login" */ = {
			isa = XCConfigurationList;
			buildConfigurations = (
				B02F8D502B04CC1A00B6AF54 /* Debug */,
				B02F8D512B04CC1A00B6AF54 /* Release */,
			);
			defaultConfigurationIsVisible = 0;
			defaultConfigurationName = Release;
		};
		B02F8D522B04CC1A00B6AF54 /* Build configuration list for PBXNativeTarget "testmit login" */ = {
			isa = XCConfigurationList;
			buildConfigurations = (
				B02F8D532B04CC1A00B6AF54 /* Debug */,
				B02F8D542B04CC1A00B6AF54 /* Release */,
			);
			defaultConfigurationIsVisible = 0;
			defaultConfigurationName = Release;
		};
		B02F8D552B04CC1A00B6AF54 /* Build configuration list for PBXNativeTarget "testmit loginTests" */ = {
			isa = XCConfigurationList;
			buildConfigurations = (
				B02F8D562B04CC1A00B6AF54 /* Debug */,
				B02F8D572B04CC1A00B6AF54 /* Release */,
			);
			defaultConfigurationIsVisible = 0;
			defaultConfigurationName = Release;
		};
		B02F8D582B04CC1A00B6AF54 /* Build configuration list for PBXNativeTarget "testmit loginUITests" */ = {
			isa = XCConfigurationList;
			buildConfigurations = (
				B02F8D592B04CC1A00B6AF54 /* Debug */,
				B02F8D5A2B04CC1A00B6AF54 /* Release */,
			);
			defaultConfigurationIsVisible = 0;
			defaultConfigurationName = Release;
		};
/* End XCConfigurationList section */

/* Begin XCRemoteSwiftPackageReference section */
		B089E4262B13AFC500BFC61F /* XCRemoteSwiftPackageReference "SwiftUIX" */ = {
			isa = XCRemoteSwiftPackageReference;
			repositoryURL = "https://github.com/SwiftUIX/SwiftUIX.git";
			requirement = {
				kind = upToNextMajorVersion;
				minimumVersion = 0.1.9;
			};
		};
		B089E4292B13B04300BFC61F /* XCRemoteSwiftPackageReference "SwiftUI-Refresh" */ = {
			isa = XCRemoteSwiftPackageReference;
			repositoryURL = "https://github.com/timbersoftware/SwiftUI-Refresh.git";
			requirement = {
				kind = upToNextMajorVersion;
				minimumVersion = 0.0.3;
			};
		};
/* End XCRemoteSwiftPackageReference section */
	};
	rootObject = B02F8D262B04CC1800B6AF54 /* Project object */;
}
